
Microsoft Visual Studio Solution File, Format Version 12.00
# Visual Studio Version 17
VisualStudioVersion = 17.7.34221.43
MinimumVisualStudioVersion = 10.0.40219.1
Project("{FAE04EC0-301F-11D3-BF4B-00C04F79EFBC}") = "TecReparacionExamen2PrograII", "TecReparacionExamen2PrograII\TecReparacionExamen2PrograII.csproj", "{A51D0B42-A67E-428A-B2E5-1CA5A122CF15}"
EndProject
Global
	GlobalSection(SolutionConfigurationPlatforms) = preSolution
		Debug|Any CPU = Debug|Any CPU
		Release|Any CPU = Release|Any CPU
	EndGlobalSection
	GlobalSection(ProjectConfigurationPlatforms) = postSolution
		{A51D0B42-A67E-428A-B2E5-1CA5A122CF15}.Debug|Any CPU.ActiveCfg = Debug|Any CPU
		{A51D0B42-A67E-428A-B2E5-1CA5A122CF15}.Debug|Any CPU.Build.0 = Debug|Any CPU
		{A51D0B42-A67E-428A-B2E5-1CA5A122CF15}.Release|Any CPU.ActiveCfg = Release|Any CPU
		{A51D0B42-A67E-428A-B2E5-1CA5A122CF15}.Release|Any CPU.Build.0 = Release|Any CPU
	EndGlobalSection
	GlobalSection(SolutionProperties) = preSolution
		HideSolutionNode = FALSE
	EndGlobalSection
	GlobalSection(ExtensibilityGlobals) = postSolution
		SolutionGuid = {70056F45-A645-4F63-BB6F-F26D0888EA2A}
	EndGlobalSection
EndGlobal
